
Microsoft Visual Studio Solution File, Format Version 12.00
# Visual Studio Version 16
VisualStudioVersion = 16.0.31105.61
MinimumVisualStudioVersion = 10.0.40219.1
Project("{FAE04EC0-301F-11D3-BF4B-00C04F79EFBC}") = "AlgorithmsLab6", "AlgorithmsLab6\AlgorithmsLab6.csproj", "{CBFC3F1B-F57A-420F-9068-525907D4F048}"
EndProject
Project("{FAE04EC0-301F-11D3-BF4B-00C04F79EFBC}") = "Tests", "Tests\Tests.csproj", "{733A6023-EA0E-4A28-AADA-58EA682F3030}"
EndProject
Global
	GlobalSection(SolutionConfigurationPlatforms) = preSolution
		Debug|Any CPU = Debug|Any CPU
		Release|Any CPU = Release|Any CPU
	EndGlobalSection
	GlobalSection(ProjectConfigurationPlatforms) = postSolution
		{CBFC3F1B-F57A-420F-9068-525907D4F048}.Debug|Any CPU.ActiveCfg = Debug|Any CPU
		{CBFC3F1B-F57A-420F-9068-525907D4F048}.Debug|Any CPU.Build.0 = Debug|Any CPU
		{CBFC3F1B-F57A-420F-9068-525907D4F048}.Release|Any CPU.ActiveCfg = Release|Any CPU
		{CBFC3F1B-F57A-420F-9068-525907D4F048}.Release|Any CPU.Build.0 = Release|Any CPU
		{733A6023-EA0E-4A28-AADA-58EA682F3030}.Debug|Any CPU.ActiveCfg = Debug|Any CPU
		{733A6023-EA0E-4A28-AADA-58EA682F3030}.Debug|Any CPU.Build.0 = Debug|Any CPU
		{733A6023-EA0E-4A28-AADA-58EA682F3030}.Release|Any CPU.ActiveCfg = Release|Any CPU
		{733A6023-EA0E-4A28-AADA-58EA682F3030}.Release|Any CPU.Build.0 = Release|Any CPU
	EndGlobalSection
	GlobalSection(SolutionProperties) = preSolution
		HideSolutionNode = FALSE
	EndGlobalSection
	GlobalSection(ExtensibilityGlobals) = postSolution
		SolutionGuid = {F558797B-44EF-4A54-A3DB-7D4E876A0910}
	EndGlobalSection
EndGlobal
